// !$*UTF8*$!
{
	archiveVersion = 1;
	classes = {
	};
	objectVersion = 56;
	objects = {

/* Begin PBXBuildFile section */
		FF0B95DD29D9D630006553AC /* DailyApp.swift in Sources */ = {isa = PBXBuildFile; fileRef = FF0B95DC29D9D630006553AC /* DailyApp.swift */; };
		FF0B95DF29D9D630006553AC /* ContentView.swift in Sources */ = {isa = PBXBuildFile; fileRef = FF0B95DE29D9D630006553AC /* ContentView.swift */; };
		FF0B95E129D9D631006553AC /* Assets.xcassets in Resources */ = {isa = PBXBuildFile; fileRef = FF0B95E029D9D631006553AC /* Assets.xcassets */; };
		FF0B95E429D9D631006553AC /* Preview Assets.xcassets in Resources */ = {isa = PBXBuildFile; fileRef = FF0B95E329D9D631006553AC /* Preview Assets.xcassets */; };
		FF0B95EC29D9D81A006553AC /* Swinject in Frameworks */ = {isa = PBXBuildFile; productRef = FF0B95EB29D9D81A006553AC /* Swinject */; };
		FF0B95EF29D9D83A006553AC /* SwinjectAutoregistration in Frameworks */ = {isa = PBXBuildFile; productRef = FF0B95EE29D9D83A006553AC /* SwinjectAutoregistration */; };
		FF0B95F229D9D8AB006553AC /* CNURLSession.swift in Sources */ = {isa = PBXBuildFile; fileRef = FF0B95F129D9D8AB006553AC /* CNURLSession.swift */; };
		FF0B95FF29D9D9B7006553AC /* CNURLSessionMock.swift in Sources */ = {isa = PBXBuildFile; fileRef = FF0B95FE29D9D9B7006553AC /* CNURLSessionMock.swift */; };
		FF0B960229D9DA1A006553AC /* NSError+LocalizedDescription.swift in Sources */ = {isa = PBXBuildFile; fileRef = FF0B960129D9DA1A006553AC /* NSError+LocalizedDescription.swift */; };
		FF0B960529D9DBE9006553AC /* MainAssembler.swift in Sources */ = {isa = PBXBuildFile; fileRef = FF0B960429D9DBE9006553AC /* MainAssembler.swift */; };
		FF0B960729D9DC4F006553AC /* NetworkAssemblies.swift in Sources */ = {isa = PBXBuildFile; fileRef = FF0B960629D9DC4F006553AC /* NetworkAssemblies.swift */; };
		FF0B961029D9DE25006553AC /* LoginView.swift in Sources */ = {isa = PBXBuildFile; fileRef = FF0B960F29D9DE25006553AC /* LoginView.swift */; };
		FF0B961329D9E2D2006553AC /* LoginViewModel.swift in Sources */ = {isa = PBXBuildFile; fileRef = FF0B961229D9E2D2006553AC /* LoginViewModel.swift */; };
		FF0B961629D9E54B006553AC /* ResolverEnvironmentKey.swift in Sources */ = {isa = PBXBuildFile; fileRef = FF0B961529D9E54B006553AC /* ResolverEnvironmentKey.swift */; };
		FF0B961829D9E638006553AC /* Resolver+Unsafe.swift in Sources */ = {isa = PBXBuildFile; fileRef = FF0B961729D9E638006553AC /* Resolver+Unsafe.swift */; };
		FF0B961A29D9E6CC006553AC /* LoginAssemblies.swift in Sources */ = {isa = PBXBuildFile; fileRef = FF0B961929D9E6CC006553AC /* LoginAssemblies.swift */; };
		FF0B961D29D9E729006553AC /* PreviewHelper.swift in Sources */ = {isa = PBXBuildFile; fileRef = FF0B961C29D9E729006553AC /* PreviewHelper.swift */; };
/* End PBXBuildFile section */

/* Begin PBXFileReference section */
		FF0B95D929D9D630006553AC /* Daily.app */ = {isa = PBXFileReference; explicitFileType = wrapper.application; includeInIndex = 0; path = Daily.app; sourceTree = BUILT_PRODUCTS_DIR; };
		FF0B95DC29D9D630006553AC /* DailyApp.swift */ = {isa = PBXFileReference; lastKnownFileType = sourcecode.swift; path = DailyApp.swift; sourceTree = "<group>"; };
		FF0B95DE29D9D630006553AC /* ContentView.swift */ = {isa = PBXFileReference; lastKnownFileType = sourcecode.swift; path = ContentView.swift; sourceTree = "<group>"; };
		FF0B95E029D9D631006553AC /* Assets.xcassets */ = {isa = PBXFileReference; lastKnownFileType = folder.assetcatalog; path = Assets.xcassets; sourceTree = "<group>"; };
		FF0B95E329D9D631006553AC /* Preview Assets.xcassets */ = {isa = PBXFileReference; lastKnownFileType = folder.assetcatalog; path = "Preview Assets.xcassets"; sourceTree = "<group>"; };
		FF0B95F129D9D8AB006553AC /* CNURLSession.swift */ = {isa = PBXFileReference; lastKnownFileType = sourcecode.swift; path = CNURLSession.swift; sourceTree = "<group>"; };
		FF0B95FE29D9D9B7006553AC /* CNURLSessionMock.swift */ = {isa = PBXFileReference; lastKnownFileType = sourcecode.swift; path = CNURLSessionMock.swift; sourceTree = "<group>"; };
		FF0B960129D9DA1A006553AC /* NSError+LocalizedDescription.swift */ = {isa = PBXFileReference; lastKnownFileType = sourcecode.swift; path = "NSError+LocalizedDescription.swift"; sourceTree = "<group>"; };
		FF0B960429D9DBE9006553AC /* MainAssembler.swift */ = {isa = PBXFileReference; lastKnownFileType = sourcecode.swift; path = MainAssembler.swift; sourceTree = "<group>"; };
		FF0B960629D9DC4F006553AC /* NetworkAssemblies.swift */ = {isa = PBXFileReference; lastKnownFileType = sourcecode.swift; path = NetworkAssemblies.swift; sourceTree = "<group>"; };
		FF0B960F29D9DE25006553AC /* LoginView.swift */ = {isa = PBXFileReference; lastKnownFileType = sourcecode.swift; path = LoginView.swift; sourceTree = "<group>"; };
		FF0B961229D9E2D2006553AC /* LoginViewModel.swift */ = {isa = PBXFileReference; lastKnownFileType = sourcecode.swift; path = LoginViewModel.swift; sourceTree = "<group>"; };
		FF0B961529D9E54B006553AC /* ResolverEnvironmentKey.swift */ = {isa = PBXFileReference; lastKnownFileType = sourcecode.swift; path = ResolverEnvironmentKey.swift; sourceTree = "<group>"; };
		FF0B961729D9E638006553AC /* Resolver+Unsafe.swift */ = {isa = PBXFileReference; lastKnownFileType = sourcecode.swift; path = "Resolver+Unsafe.swift"; sourceTree = "<group>"; };
		FF0B961929D9E6CC006553AC /* LoginAssemblies.swift */ = {isa = PBXFileReference; lastKnownFileType = sourcecode.swift; path = LoginAssemblies.swift; sourceTree = "<group>"; };
		FF0B961C29D9E729006553AC /* PreviewHelper.swift */ = {isa = PBXFileReference; lastKnownFileType = sourcecode.swift; path = PreviewHelper.swift; sourceTree = "<group>"; };
/* End PBXFileReference section */

/* Begin PBXFrameworksBuildPhase section */
		FF0B95D629D9D630006553AC /* Frameworks */ = {
			isa = PBXFrameworksBuildPhase;
			buildActionMask = 2147483647;
			files = (
				FF0B95EC29D9D81A006553AC /* Swinject in Frameworks */,
				FF0B95EF29D9D83A006553AC /* SwinjectAutoregistration in Frameworks */,
			);
			runOnlyForDeploymentPostprocessing = 0;
		};
/* End PBXFrameworksBuildPhase section */

/* Begin PBXGroup section */
		FF0B95D029D9D630006553AC = {
			isa = PBXGroup;
			children = (
				FF0B95DB29D9D630006553AC /* Daily */,
				FF0B95DA29D9D630006553AC /* Products */,
			);
			sourceTree = "<group>";
		};
		FF0B95DA29D9D630006553AC /* Products */ = {
			isa = PBXGroup;
			children = (
				FF0B95D929D9D630006553AC /* Daily.app */,
			);
			name = Products;
			sourceTree = "<group>";
		};
		FF0B95DB29D9D630006553AC /* Daily */ = {
			isa = PBXGroup;
			children = (
				FF0B961129D9E2B5006553AC /* Login */,
				FF0B95F029D9D88B006553AC /* Network */,
				FF0B961429D9E52D006553AC /* DependencyInjection */,
				FF0B961B29D9E70D006553AC /* Utilities */,
				FF0B960029D9DA01006553AC /* Extensions */,
				FF0B95DC29D9D630006553AC /* DailyApp.swift */,
				FF0B960429D9DBE9006553AC /* MainAssembler.swift */,
				FF0B95DE29D9D630006553AC /* ContentView.swift */,
				FF0B95E029D9D631006553AC /* Assets.xcassets */,
				FF0B95E229D9D631006553AC /* Preview Content */,
			);
			path = Daily;
			sourceTree = "<group>";
		};
		FF0B95E229D9D631006553AC /* Preview Content */ = {
			isa = PBXGroup;
			children = (
				FF0B95E329D9D631006553AC /* Preview Assets.xcassets */,
			);
			path = "Preview Content";
			sourceTree = "<group>";
		};
		FF0B95F029D9D88B006553AC /* Network */ = {
			isa = PBXGroup;
			children = (
				FF0B960829D9DCB1006553AC /* URLSession */,
				FF0B960629D9DC4F006553AC /* NetworkAssemblies.swift */,
			);
			path = Network;
			sourceTree = "<group>";
		};
		FF0B960029D9DA01006553AC /* Extensions */ = {
			isa = PBXGroup;
			children = (
				FF0B960129D9DA1A006553AC /* NSError+LocalizedDescription.swift */,
				FF0B961729D9E638006553AC /* Resolver+Unsafe.swift */,
			);
			path = Extensions;
			sourceTree = "<group>";
		};
		FF0B960829D9DCB1006553AC /* URLSession */ = {
			isa = PBXGroup;
			children = (
				FF0B95F129D9D8AB006553AC /* CNURLSession.swift */,
				FF0B95FE29D9D9B7006553AC /* CNURLSessionMock.swift */,
			);
			path = URLSession;
			sourceTree = "<group>";
		};
		FF0B961129D9E2B5006553AC /* Login */ = {
			isa = PBXGroup;
			children = (
				FF0B960F29D9DE25006553AC /* LoginView.swift */,
				FF0B961229D9E2D2006553AC /* LoginViewModel.swift */,
				FF0B961929D9E6CC006553AC /* LoginAssemblies.swift */,
			);
			path = Login;
			sourceTree = "<group>";
		};
		FF0B961429D9E52D006553AC /* DependencyInjection */ = {
			isa = PBXGroup;
			children = (
				FF0B961529D9E54B006553AC /* ResolverEnvironmentKey.swift */,
			);
			path = DependencyInjection;
			sourceTree = "<group>";
		};
		FF0B961B29D9E70D006553AC /* Utilities */ = {
			isa = PBXGroup;
			children = (
				FF0B961C29D9E729006553AC /* PreviewHelper.swift */,
			);
			path = Utilities;
			sourceTree = "<group>";
		};
/* End PBXGroup section */

/* Begin PBXNativeTarget section */
		FF0B95D829D9D630006553AC /* Daily */ = {
			isa = PBXNativeTarget;
			buildConfigurationList = FF0B95E729D9D631006553AC /* Build configuration list for PBXNativeTarget "Daily" */;
			buildPhases = (
				FF0B95D529D9D630006553AC /* Sources */,
				FF0B95D629D9D630006553AC /* Frameworks */,
				FF0B95D729D9D630006553AC /* Resources */,
			);
			buildRules = (
			);
			dependencies = (
			);
			name = Daily;
			packageProductDependencies = (
				FF0B95EB29D9D81A006553AC /* Swinject */,
				FF0B95EE29D9D83A006553AC /* SwinjectAutoregistration */,
			);
			productName = Daily;
			productReference = FF0B95D929D9D630006553AC /* Daily.app */;
			productType = "com.apple.product-type.application";
		};
/* End PBXNativeTarget section */

/* Begin PBXProject section */
		FF0B95D129D9D630006553AC /* Project object */ = {
			isa = PBXProject;
			attributes = {
				BuildIndependentTargetsInParallel = 1;
				LastSwiftUpdateCheck = 1430;
				LastUpgradeCheck = 1430;
				TargetAttributes = {
					FF0B95D829D9D630006553AC = {
						CreatedOnToolsVersion = 14.3;
					};
				};
			};
			buildConfigurationList = FF0B95D429D9D630006553AC /* Build configuration list for PBXProject "Daily" */;
			compatibilityVersion = "Xcode 14.0";
			developmentRegion = en;
			hasScannedForEncodings = 0;
			knownRegions = (
				en,
				Base,
			);
			mainGroup = FF0B95D029D9D630006553AC;
			packageReferences = (
				FF0B95EA29D9D81A006553AC /* XCRemoteSwiftPackageReference "Swinject" */,
				FF0B95ED29D9D83A006553AC /* XCRemoteSwiftPackageReference "SwinjectAutoregistration" */,
			);
			productRefGroup = FF0B95DA29D9D630006553AC /* Products */;
			projectDirPath = "";
			projectRoot = "";
			targets = (
				FF0B95D829D9D630006553AC /* Daily */,
			);
		};
/* End PBXProject section */

/* Begin PBXResourcesBuildPhase section */
		FF0B95D729D9D630006553AC /* Resources */ = {
			isa = PBXResourcesBuildPhase;
			buildActionMask = 2147483647;
			files = (
				FF0B95E429D9D631006553AC /* Preview Assets.xcassets in Resources */,
				FF0B95E129D9D631006553AC /* Assets.xcassets in Resources */,
			);
			runOnlyForDeploymentPostprocessing = 0;
		};
/* End PBXResourcesBuildPhase section */

/* Begin PBXSourcesBuildPhase section */
		FF0B95D529D9D630006553AC /* Sources */ = {
			isa = PBXSourcesBuildPhase;
			buildActionMask = 2147483647;
			files = (
				FF0B961D29D9E729006553AC /* PreviewHelper.swift in Sources */,
				FF0B960229D9DA1A006553AC /* NSError+LocalizedDescription.swift in Sources */,
				FF0B961A29D9E6CC006553AC /* LoginAssemblies.swift in Sources */,
				FF0B95DF29D9D630006553AC /* ContentView.swift in Sources */,
				FF0B961329D9E2D2006553AC /* LoginViewModel.swift in Sources */,
				FF0B95F229D9D8AB006553AC /* CNURLSession.swift in Sources */,
				FF0B960729D9DC4F006553AC /* NetworkAssemblies.swift in Sources */,
				FF0B961629D9E54B006553AC /* ResolverEnvironmentKey.swift in Sources */,
				FF0B95DD29D9D630006553AC /* DailyApp.swift in Sources */,
				FF0B961829D9E638006553AC /* Resolver+Unsafe.swift in Sources */,
				FF0B95FF29D9D9B7006553AC /* CNURLSessionMock.swift in Sources */,
				FF0B961029D9DE25006553AC /* LoginView.swift in Sources */,
				FF0B960529D9DBE9006553AC /* MainAssembler.swift in Sources */,
			);
			runOnlyForDeploymentPostprocessing = 0;
		};
/* End PBXSourcesBuildPhase section */

/* Begin XCBuildConfiguration section */
		FF0B95E529D9D631006553AC /* Debug */ = {
			isa = XCBuildConfiguration;
			buildSettings = {
				ALWAYS_SEARCH_USER_PATHS = NO;
				CLANG_ANALYZER_NONNULL = YES;
				CLANG_ANALYZER_NUMBER_OBJECT_CONVERSION = YES_AGGRESSIVE;
				CLANG_CXX_LANGUAGE_STANDARD = "gnu++20";
				CLANG_ENABLE_MODULES = YES;
				CLANG_ENABLE_OBJC_ARC = YES;
				CLANG_ENABLE_OBJC_WEAK = YES;
				CLANG_WARN_BLOCK_CAPTURE_AUTORELEASING = YES;
				CLANG_WARN_BOOL_CONVERSION = YES;
				CLANG_WARN_COMMA = YES;
				CLANG_WARN_CONSTANT_CONVERSION = YES;
				CLANG_WARN_DEPRECATED_OBJC_IMPLEMENTATIONS = YES;
				CLANG_WARN_DIRECT_OBJC_ISA_USAGE = YES_ERROR;
				CLANG_WARN_DOCUMENTATION_COMMENTS = YES;
				CLANG_WARN_EMPTY_BODY = YES;
				CLANG_WARN_ENUM_CONVERSION = YES;
				CLANG_WARN_INFINITE_RECURSION = YES;
				CLANG_WARN_INT_CONVERSION = YES;
				CLANG_WARN_NON_LITERAL_NULL_CONVERSION = YES;
				CLANG_WARN_OBJC_IMPLICIT_RETAIN_SELF = YES;
				CLANG_WARN_OBJC_LITERAL_CONVERSION = YES;
				CLANG_WARN_OBJC_ROOT_CLASS = YES_ERROR;
				CLANG_WARN_QUOTED_INCLUDE_IN_FRAMEWORK_HEADER = YES;
				CLANG_WARN_RANGE_LOOP_ANALYSIS = YES;
				CLANG_WARN_STRICT_PROTOTYPES = YES;
				CLANG_WARN_SUSPICIOUS_MOVE = YES;
				CLANG_WARN_UNGUARDED_AVAILABILITY = YES_AGGRESSIVE;
				CLANG_WARN_UNREACHABLE_CODE = YES;
				CLANG_WARN__DUPLICATE_METHOD_MATCH = YES;
				COPY_PHASE_STRIP = NO;
				DEBUG_INFORMATION_FORMAT = dwarf;
				ENABLE_STRICT_OBJC_MSGSEND = YES;
				ENABLE_TESTABILITY = YES;
				GCC_C_LANGUAGE_STANDARD = gnu11;
				GCC_DYNAMIC_NO_PIC = NO;
				GCC_NO_COMMON_BLOCKS = YES;
				GCC_OPTIMIZATION_LEVEL = 0;
				GCC_PREPROCESSOR_DEFINITIONS = (
					"DEBUG=1",
					"$(inherited)",
				);
				GCC_WARN_64_TO_32_BIT_CONVERSION = YES;
				GCC_WARN_ABOUT_RETURN_TYPE = YES_ERROR;
				GCC_WARN_UNDECLARED_SELECTOR = YES;
				GCC_WARN_UNINITIALIZED_AUTOS = YES_AGGRESSIVE;
				GCC_WARN_UNUSED_FUNCTION = YES;
				GCC_WARN_UNUSED_VARIABLE = YES;
				IPHONEOS_DEPLOYMENT_TARGET = 16.4;
				MTL_ENABLE_DEBUG_INFO = INCLUDE_SOURCE;
				MTL_FAST_MATH = YES;
				ONLY_ACTIVE_ARCH = YES;
				SDKROOT = iphoneos;
				SWIFT_ACTIVE_COMPILATION_CONDITIONS = DEBUG;
				SWIFT_OPTIMIZATION_LEVEL = "-Onone";
			};
			name = Debug;
		};
		FF0B95E629D9D631006553AC /* Release */ = {
			isa = XCBuildConfiguration;
			buildSettings = {
				ALWAYS_SEARCH_USER_PATHS = NO;
				CLANG_ANALYZER_NONNULL = YES;
				CLANG_ANALYZER_NUMBER_OBJECT_CONVERSION = YES_AGGRESSIVE;
				CLANG_CXX_LANGUAGE_STANDARD = "gnu++20";
				CLANG_ENABLE_MODULES = YES;
				CLANG_ENABLE_OBJC_ARC = YES;
				CLANG_ENABLE_OBJC_WEAK = YES;
				CLANG_WARN_BLOCK_CAPTURE_AUTORELEASING = YES;
				CLANG_WARN_BOOL_CONVERSION = YES;
				CLANG_WARN_COMMA = YES;
				CLANG_WARN_CONSTANT_CONVERSION = YES;
				CLANG_WARN_DEPRECATED_OBJC_IMPLEMENTATIONS = YES;
				CLANG_WARN_DIRECT_OBJC_ISA_USAGE = YES_ERROR;
				CLANG_WARN_DOCUMENTATION_COMMENTS = YES;
				CLANG_WARN_EMPTY_BODY = YES;
				CLANG_WARN_ENUM_CONVERSION = YES;
				CLANG_WARN_INFINITE_RECURSION = YES;
				CLANG_WARN_INT_CONVERSION = YES;
				CLANG_WARN_NON_LITERAL_NULL_CONVERSION = YES;
				CLANG_WARN_OBJC_IMPLICIT_RETAIN_SELF = YES;
				CLANG_WARN_OBJC_LITERAL_CONVERSION = YES;
				CLANG_WARN_OBJC_ROOT_CLASS = YES_ERROR;
				CLANG_WARN_QUOTED_INCLUDE_IN_FRAMEWORK_HEADER = YES;
				CLANG_WARN_RANGE_LOOP_ANALYSIS = YES;
				CLANG_WARN_STRICT_PROTOTYPES = YES;
				CLANG_WARN_SUSPICIOUS_MOVE = YES;
				CLANG_WARN_UNGUARDED_AVAILABILITY = YES_AGGRESSIVE;
				CLANG_WARN_UNREACHABLE_CODE = YES;
				CLANG_WARN__DUPLICATE_METHOD_MATCH = YES;
				COPY_PHASE_STRIP = NO;
				DEBUG_INFORMATION_FORMAT = "dwarf-with-dsym";
				ENABLE_NS_ASSERTIONS = NO;
				ENABLE_STRICT_OBJC_MSGSEND = YES;
				GCC_C_LANGUAGE_STANDARD = gnu11;
				GCC_NO_COMMON_BLOCKS = YES;
				GCC_WARN_64_TO_32_BIT_CONVERSION = YES;
				GCC_WARN_ABOUT_RETURN_TYPE = YES_ERROR;
				GCC_WARN_UNDECLARED_SELECTOR = YES;
				GCC_WARN_UNINITIALIZED_AUTOS = YES_AGGRESSIVE;
				GCC_WARN_UNUSED_FUNCTION = YES;
				GCC_WARN_UNUSED_VARIABLE = YES;
				IPHONEOS_DEPLOYMENT_TARGET = 16.4;
				MTL_ENABLE_DEBUG_INFO = NO;
				MTL_FAST_MATH = YES;
				SDKROOT = iphoneos;
				SWIFT_COMPILATION_MODE = wholemodule;
				SWIFT_OPTIMIZATION_LEVEL = "-O";
				VALIDATE_PRODUCT = YES;
			};
			name = Release;
		};
		FF0B95E829D9D631006553AC /* Debug */ = {
			isa = XCBuildConfiguration;
			buildSettings = {
				ASSETCATALOG_COMPILER_APPICON_NAME = AppIcon;
				ASSETCATALOG_COMPILER_GLOBAL_ACCENT_COLOR_NAME = AccentColor;
				CODE_SIGN_STYLE = Automatic;
				CURRENT_PROJECT_VERSION = 1;
				DEVELOPMENT_ASSET_PATHS = "\"Daily/Preview Content\"";
				DEVELOPMENT_TEAM = 538R2KUTXD;
				ENABLE_PREVIEWS = YES;
				GENERATE_INFOPLIST_FILE = YES;
				INFOPLIST_KEY_UIApplicationSceneManifest_Generation = YES;
				INFOPLIST_KEY_UIApplicationSupportsIndirectInputEvents = YES;
				INFOPLIST_KEY_UILaunchScreen_Generation = YES;
				INFOPLIST_KEY_UISupportedInterfaceOrientations_iPad = "UIInterfaceOrientationPortrait UIInterfaceOrientationPortraitUpsideDown UIInterfaceOrientationLandscapeLeft UIInterfaceOrientationLandscapeRight";
				INFOPLIST_KEY_UISupportedInterfaceOrientations_iPhone = "UIInterfaceOrientationPortrait UIInterfaceOrientationLandscapeLeft UIInterfaceOrientationLandscapeRight";
				LD_RUNPATH_SEARCH_PATHS = (
					"$(inherited)",
					"@executable_path/Frameworks",
				);
				MARKETING_VERSION = 1.0;
				PRODUCT_BUNDLE_IDENTIFIER = com.mdfprojects.Daily;
				PRODUCT_NAME = "$(TARGET_NAME)";
				SWIFT_EMIT_LOC_STRINGS = YES;
				SWIFT_VERSION = 5.0;
				TARGETED_DEVICE_FAMILY = "1,2";
			};
			name = Debug;
		};
		FF0B95E929D9D631006553AC /* Release */ = {
			isa = XCBuildConfiguration;
			buildSettings = {
				ASSETCATALOG_COMPILER_APPICON_NAME = AppIcon;
				ASSETCATALOG_COMPILER_GLOBAL_ACCENT_COLOR_NAME = AccentColor;
				CODE_SIGN_STYLE = Automatic;
				CURRENT_PROJECT_VERSION = 1;
				DEVELOPMENT_ASSET_PATHS = "\"Daily/Preview Content\"";
				DEVELOPMENT_TEAM = 538R2KUTXD;
				ENABLE_PREVIEWS = YES;
				GENERATE_INFOPLIST_FILE = YES;
				INFOPLIST_KEY_UIApplicationSceneManifest_Generation = YES;
				INFOPLIST_KEY_UIApplicationSupportsIndirectInputEvents = YES;
				INFOPLIST_KEY_UILaunchScreen_Generation = YES;
				INFOPLIST_KEY_UISupportedInterfaceOrientations_iPad = "UIInterfaceOrientationPortrait UIInterfaceOrientationPortraitUpsideDown UIInterfaceOrientationLandscapeLeft UIInterfaceOrientationLandscapeRight";
				INFOPLIST_KEY_UISupportedInterfaceOrientations_iPhone = "UIInterfaceOrientationPortrait UIInterfaceOrientationLandscapeLeft UIInterfaceOrientationLandscapeRight";
				LD_RUNPATH_SEARCH_PATHS = (
					"$(inherited)",
					"@executable_path/Frameworks",
				);
				MARKETING_VERSION = 1.0;
				PRODUCT_BUNDLE_IDENTIFIER = com.mdfprojects.Daily;
				PRODUCT_NAME = "$(TARGET_NAME)";
				SWIFT_EMIT_LOC_STRINGS = YES;
				SWIFT_VERSION = 5.0;
				TARGETED_DEVICE_FAMILY = "1,2";
			};
			name = Release;
		};
/* End XCBuildConfiguration section */

/* Begin XCConfigurationList section */
		FF0B95D429D9D630006553AC /* Build configuration list for PBXProject "Daily" */ = {
			isa = XCConfigurationList;
			buildConfigurations = (
				FF0B95E529D9D631006553AC /* Debug */,
				FF0B95E629D9D631006553AC /* Release */,
			);
			defaultConfigurationIsVisible = 0;
			defaultConfigurationName = Release;
		};
		FF0B95E729D9D631006553AC /* Build configuration list for PBXNativeTarget "Daily" */ = {
			isa = XCConfigurationList;
			buildConfigurations = (
				FF0B95E829D9D631006553AC /* Debug */,
				FF0B95E929D9D631006553AC /* Release */,
			);
			defaultConfigurationIsVisible = 0;
			defaultConfigurationName = Release;
		};
/* End XCConfigurationList section */

/* Begin XCRemoteSwiftPackageReference section */
		FF0B95EA29D9D81A006553AC /* XCRemoteSwiftPackageReference "Swinject" */ = {
			isa = XCRemoteSwiftPackageReference;
			repositoryURL = "https://github.com/Swinject/Swinject.git";
			requirement = {
				kind = upToNextMajorVersion;
				minimumVersion = 2.0.0;
			};
		};
		FF0B95ED29D9D83A006553AC /* XCRemoteSwiftPackageReference "SwinjectAutoregistration" */ = {
			isa = XCRemoteSwiftPackageReference;
			repositoryURL = "https://github.com/Swinject/SwinjectAutoregistration.git";
			requirement = {
				kind = upToNextMajorVersion;
				minimumVersion = 2.0.0;
			};
		};
/* End XCRemoteSwiftPackageReference section */

/* Begin XCSwiftPackageProductDependency section */
		FF0B95EB29D9D81A006553AC /* Swinject */ = {
			isa = XCSwiftPackageProductDependency;
			package = FF0B95EA29D9D81A006553AC /* XCRemoteSwiftPackageReference "Swinject" */;
			productName = Swinject;
		};
		FF0B95EE29D9D83A006553AC /* SwinjectAutoregistration */ = {
			isa = XCSwiftPackageProductDependency;
			package = FF0B95ED29D9D83A006553AC /* XCRemoteSwiftPackageReference "SwinjectAutoregistration" */;
			productName = SwinjectAutoregistration;
		};
/* End XCSwiftPackageProductDependency section */
	};
	rootObject = FF0B95D129D9D630006553AC /* Project object */;
}
